
Microsoft Visual Studio Solution File, Format Version 11.00
# Visual Studio 2010
Project("{FAE04EC0-301F-11D3-BF4B-00C04F79EFBC}") = "04.HelloCSharp", "Intro-Programming-Homework\04.HelloCSharp.csproj", "{FDEE0063-9A6B-430F-93DD-90104E230AD1}"
EndProject
Project("{FAE04EC0-301F-11D3-BF4B-00C04F79EFBC}") = "05.PrintMyName", "PrintMyName\05.PrintMyName.csproj", "{BEF6EE8A-F951-457E-83B0-A25AEFF7D4F7}"
EndProject
Project("{FAE04EC0-301F-11D3-BF4B-00C04F79EFBC}") = "06.PrintNumbers", "PrintNumbers\06.PrintNumbers.csproj", "{7C4D41A5-2181-47A4-AC51-C8CE7AC318D0}"
EndProject
Project("{FAE04EC0-301F-11D3-BF4B-00C04F79EFBC}") = "07.PrintMyNames", "PrintMyNames\07.PrintMyNames.csproj", "{D1EBC30E-83C7-49F4-8DAE-04572F96A803}"
EndProject
Project("{FAE04EC0-301F-11D3-BF4B-00C04F79EFBC}") = "08.PrintSquareRoot", "8.SquareRoot\08.PrintSquareRoot.csproj", "{876C3F66-3C0A-4E28-8367-6C9A265D5CF0}"
EndProject
Project("{FAE04EC0-301F-11D3-BF4B-00C04F79EFBC}") = "09.PrintSequence", "PrintSequence\09.PrintSequence.csproj", "{1268665B-6F1E-4848-8C78-0CEF30BFD1BD}"
EndProject
Project("{FAE04EC0-301F-11D3-BF4B-00C04F79EFBC}") = "10.HorribleCode", "10.HorribleCode\10.HorribleCode.csproj", "{A22BC9E4-C21E-41B9-9C98-AA957CCBD713}"
EndProject
Global
	GlobalSection(SolutionConfigurationPlatforms) = preSolution
		Debug|x86 = Debug|x86
		Release|x86 = Release|x86
	EndGlobalSection
	GlobalSection(ProjectConfigurationPlatforms) = postSolution
		{1268665B-6F1E-4848-8C78-0CEF30BFD1BD}.Debug|x86.ActiveCfg = Debug|x86
		{1268665B-6F1E-4848-8C78-0CEF30BFD1BD}.Debug|x86.Build.0 = Debug|x86
		{1268665B-6F1E-4848-8C78-0CEF30BFD1BD}.Release|x86.ActiveCfg = Release|x86
		{1268665B-6F1E-4848-8C78-0CEF30BFD1BD}.Release|x86.Build.0 = Release|x86
		{7C4D41A5-2181-47A4-AC51-C8CE7AC318D0}.Debug|x86.ActiveCfg = Debug|x86
		{7C4D41A5-2181-47A4-AC51-C8CE7AC318D0}.Debug|x86.Build.0 = Debug|x86
		{7C4D41A5-2181-47A4-AC51-C8CE7AC318D0}.Release|x86.ActiveCfg = Release|x86
		{7C4D41A5-2181-47A4-AC51-C8CE7AC318D0}.Release|x86.Build.0 = Release|x86
		{876C3F66-3C0A-4E28-8367-6C9A265D5CF0}.Debug|x86.ActiveCfg = Debug|x86
		{876C3F66-3C0A-4E28-8367-6C9A265D5CF0}.Debug|x86.Build.0 = Debug|x86
		{876C3F66-3C0A-4E28-8367-6C9A265D5CF0}.Release|x86.ActiveCfg = Release|x86
		{876C3F66-3C0A-4E28-8367-6C9A265D5CF0}.Release|x86.Build.0 = Release|x86
		{A22BC9E4-C21E-41B9-9C98-AA957CCBD713}.Debug|x86.ActiveCfg = Debug|x86
		{A22BC9E4-C21E-41B9-9C98-AA957CCBD713}.Debug|x86.Build.0 = Debug|x86
		{A22BC9E4-C21E-41B9-9C98-AA957CCBD713}.Release|x86.ActiveCfg = Release|x86
		{A22BC9E4-C21E-41B9-9C98-AA957CCBD713}.Release|x86.Build.0 = Release|x86
		{BEF6EE8A-F951-457E-83B0-A25AEFF7D4F7}.Debug|x86.ActiveCfg = Debug|x86
		{BEF6EE8A-F951-457E-83B0-A25AEFF7D4F7}.Debug|x86.Build.0 = Debug|x86
		{BEF6EE8A-F951-457E-83B0-A25AEFF7D4F7}.Release|x86.ActiveCfg = Release|x86
		{BEF6EE8A-F951-457E-83B0-A25AEFF7D4F7}.Release|x86.Build.0 = Release|x86
		{D1EBC30E-83C7-49F4-8DAE-04572F96A803}.Debug|x86.ActiveCfg = Debug|x86
		{D1EBC30E-83C7-49F4-8DAE-04572F96A803}.Debug|x86.Build.0 = Debug|x86
		{D1EBC30E-83C7-49F4-8DAE-04572F96A803}.Release|x86.ActiveCfg = Release|x86
		{D1EBC30E-83C7-49F4-8DAE-04572F96A803}.Release|x86.Build.0 = Release|x86
		{FDEE0063-9A6B-430F-93DD-90104E230AD1}.Debug|x86.ActiveCfg = Debug|x86
		{FDEE0063-9A6B-430F-93DD-90104E230AD1}.Debug|x86.Build.0 = Debug|x86
		{FDEE0063-9A6B-430F-93DD-90104E230AD1}.Release|x86.ActiveCfg = Release|x86
		{FDEE0063-9A6B-430F-93DD-90104E230AD1}.Release|x86.Build.0 = Release|x86
	EndGlobalSection
	GlobalSection(MonoDevelopProperties) = preSolution
		Policies = $0
		$0.DotNetNamingPolicy = $1
		$1.DirectoryNamespaceAssociation = None
		$1.ResourceNamePolicy = FileFormatDefault
	EndGlobalSection
EndGlobal
